
Microsoft Visual Studio Solution File, Format Version 12.00
# Visual Studio 14
VisualStudioVersion = 14.0.25420.1
MinimumVisualStudioVersion = 10.0.40219.1
Project("{FAE04EC0-301F-11D3-BF4B-00C04F79EFBC}") = "StudentCatalogFall2016", "StudentCatalogFall2016\StudentCatalogFall2016.csproj", "{968EBF6C-08D1-40CE-803C-A47E119D91C0}"
EndProject
Project("{FAE04EC0-301F-11D3-BF4B-00C04F79EFBC}") = "StudentCatalogFall2016.Tests", "StudentCatalogFall2016.Tests\StudentCatalogFall2016.Tests.csproj", "{214F94C8-B2AF-48E6-BFE1-10A5B86C8B90}"
EndProject
Global
	GlobalSection(SolutionConfigurationPlatforms) = preSolution
		Debug|Any CPU = Debug|Any CPU
		Release|Any CPU = Release|Any CPU
	EndGlobalSection
	GlobalSection(ProjectConfigurationPlatforms) = postSolution
		{968EBF6C-08D1-40CE-803C-A47E119D91C0}.Debug|Any CPU.ActiveCfg = Debug|Any CPU
		{968EBF6C-08D1-40CE-803C-A47E119D91C0}.Debug|Any CPU.Build.0 = Debug|Any CPU
		{968EBF6C-08D1-40CE-803C-A47E119D91C0}.Release|Any CPU.ActiveCfg = Release|Any CPU
		{968EBF6C-08D1-40CE-803C-A47E119D91C0}.Release|Any CPU.Build.0 = Release|Any CPU
		{214F94C8-B2AF-48E6-BFE1-10A5B86C8B90}.Debug|Any CPU.ActiveCfg = Debug|Any CPU
		{214F94C8-B2AF-48E6-BFE1-10A5B86C8B90}.Debug|Any CPU.Build.0 = Debug|Any CPU
		{214F94C8-B2AF-48E6-BFE1-10A5B86C8B90}.Release|Any CPU.ActiveCfg = Release|Any CPU
		{214F94C8-B2AF-48E6-BFE1-10A5B86C8B90}.Release|Any CPU.Build.0 = Release|Any CPU
	EndGlobalSection
	GlobalSection(SolutionProperties) = preSolution
		HideSolutionNode = FALSE
	EndGlobalSection
EndGlobal
